{
  "requires": true,
  "lockfileVersion": 1,
  "dependencies": {
    "jenchart": {
      "version": "1.0.1",
      "resolved": "https://registry.npmjs.org/jenchart/-/jenchart-1.0.1.tgz",
      "integrity": "sha512-P5RDbxPk3IQY6+LJqXSkZ2aiO0Y0KVIj1lDJPw2D+qM3Zm9m/2x+ZPDeAItX05hfUmcV0KOzUcUCGnBE94YvoA=="
    }
  }
}
