{
  "requires": true,
  "lockfileVersion": 1,
  "dependencies": {
    "object-assign": {
      "version": "4.1.1",
      "resolved": "https://registry.npmjs.org/object-assign/-/object-assign-4.1.1.tgz",
      "integrity": "sha1-IQmtx5ZYh8/AXLvUQsrIv7s2CGM=",
      "dev": true
    },
    "prop-types": {
      "version": "15.7.0",
      "resolved": "https://registry.npmjs.org/prop-types/-/prop-types-15.7.0.tgz",
      "integrity": "sha512-rlfizAIb1WrkMkbFm3uk7cZGqeVPOhHHMj3gy9FUHE+Ha5lKvbIzj9ygvLdG8Cv2CQEhQnP5djXS7pbmTOpBqw==",
      "dev": true,
      "requires": {
        "object-assign": "4.1.1",
        "react-is": "16.8.1"
      }
    },
    "react-is": {
      "version": "16.8.1",
      "resolved": "https://registry.npmjs.org/react-is/-/react-is-16.8.1.tgz",
      "integrity": "sha512-ioMCzVDWvCvKD8eeT+iukyWrBGrA3DiFYkXfBsVYIRdaREZuBjENG+KjrikavCLasozqRWTwFUagU/O4vPpRMA==",
      "dev": true
    }
  }
}
